// !$*UTF8*$!
{
	archiveVersion = 1;
	classes = {
	};
	objectVersion = 46;
	objects = {

/* Begin PBXBuildFile section */
		F1FB87CE1E4C4BD000711B4C /* main.cpp in Sources */ = {isa = PBXBuildFile; fileRef = F1FB87CD1E4C4BD000711B4C /* main.cpp */; };
/* End PBXBuildFile section */

/* Begin PBXCopyFilesBuildPhase section */
		F1FB87C81E4C4BD000711B4C /* CopyFiles */ = {
			isa = PBXCopyFilesBuildPhase;
			buildActionMask = 2147483647;
			dstPath = /usr/share/man/man1/;
			dstSubfolderSpec = 0;
			files = (
			);
			runOnlyForDeploymentPostprocessing = 1;
		};
/* End PBXCopyFilesBuildPhase section */

/* Begin PBXFileReference section */
		F1FB87CA1E4C4BD000711B4C /* Test_STL */ = {isa = PBXFileReference; explicitFileType = "compiled.mach-o.executable"; includeInIndex = 0; path = Test_STL; sourceTree = BUILT_PRODUCTS_DIR; };
		F1FB87CD1E4C4BD000711B4C /* main.cpp */ = {isa = PBXFileReference; lastKnownFileType = sourcecode.cpp.cpp; path = main.cpp; sourceTree = "<group>"; };
		F1FB87D51E4C4C1300711B4C /* algo.h */ = {isa = PBXFileReference; fileEncoding = 4; lastKnownFileType = sourcecode.c.h; name = algo.h; path = STL/algo.h; sourceTree = "<group>"; };
		F1FB87D61E4C4C1300711B4C /* algobase.h */ = {isa = PBXFileReference; fileEncoding = 4; lastKnownFileType = sourcecode.c.h; name = algobase.h; path = STL/algobase.h; sourceTree = "<group>"; };
		F1FB87D71E4C4C1300711B4C /* algorithm */ = {isa = PBXFileReference; fileEncoding = 4; lastKnownFileType = text; name = algorithm; path = STL/algorithm; sourceTree = "<group>"; };
		F1FB87D81E4C4C1300711B4C /* alloc.h */ = {isa = PBXFileReference; fileEncoding = 4; lastKnownFileType = sourcecode.c.h; name = alloc.h; path = STL/alloc.h; sourceTree = "<group>"; };
		F1FB87D91E4C4C1300711B4C /* bitset */ = {isa = PBXFileReference; fileEncoding = 4; lastKnownFileType = text; name = bitset; path = STL/bitset; sourceTree = "<group>"; };
		F1FB87DA1E4C4C1300711B4C /* bvector.h */ = {isa = PBXFileReference; fileEncoding = 4; lastKnownFileType = sourcecode.c.h; name = bvector.h; path = STL/bvector.h; sourceTree = "<group>"; };
		F1FB87DB1E4C4C1300711B4C /* char_traits.h */ = {isa = PBXFileReference; fileEncoding = 4; lastKnownFileType = sourcecode.c.h; name = char_traits.h; path = STL/char_traits.h; sourceTree = "<group>"; };
		F1FB87DC1E4C4C1300711B4C /* concept_checks.h */ = {isa = PBXFileReference; fileEncoding = 4; lastKnownFileType = sourcecode.c.h; name = concept_checks.h; path = STL/concept_checks.h; sourceTree = "<group>"; };
		F1FB87DD1E4C4C1300711B4C /* container_concepts.h */ = {isa = PBXFileReference; fileEncoding = 4; lastKnownFileType = sourcecode.c.h; name = container_concepts.h; path = STL/container_concepts.h; sourceTree = "<group>"; };
		F1FB87DE1E4C4C1300711B4C /* defalloc.h */ = {isa = PBXFileReference; fileEncoding = 4; lastKnownFileType = sourcecode.c.h; name = defalloc.h; path = STL/defalloc.h; sourceTree = "<group>"; };
		F1FB87DF1E4C4C1300711B4C /* deque */ = {isa = PBXFileReference; fileEncoding = 4; lastKnownFileType = text; name = deque; path = STL/deque; sourceTree = "<group>"; };
		F1FB87E01E4C4C1300711B4C /* deque.h */ = {isa = PBXFileReference; fileEncoding = 4; lastKnownFileType = sourcecode.c.h; name = deque.h; path = STL/deque.h; sourceTree = "<group>"; };
		F1FB87E11E4C4C1300711B4C /* function.h */ = {isa = PBXFileReference; fileEncoding = 4; lastKnownFileType = sourcecode.c.h; name = function.h; path = STL/function.h; sourceTree = "<group>"; };
		F1FB87E21E4C4C1300711B4C /* functional */ = {isa = PBXFileReference; fileEncoding = 4; lastKnownFileType = text; name = functional; path = STL/functional; sourceTree = "<group>"; };
		F1FB87E31E4C4C1300711B4C /* hash_map */ = {isa = PBXFileReference; fileEncoding = 4; lastKnownFileType = text; name = hash_map; path = STL/hash_map; sourceTree = "<group>"; };
		F1FB87E41E4C4C1300711B4C /* hash_map.h */ = {isa = PBXFileReference; fileEncoding = 4; lastKnownFileType = sourcecode.c.h; name = hash_map.h; path = STL/hash_map.h; sourceTree = "<group>"; };
		F1FB87E51E4C4C1300711B4C /* hash_set */ = {isa = PBXFileReference; fileEncoding = 4; lastKnownFileType = text; name = hash_set; path = STL/hash_set; sourceTree = "<group>"; };
		F1FB87E61E4C4C1300711B4C /* hash_set.h */ = {isa = PBXFileReference; fileEncoding = 4; lastKnownFileType = sourcecode.c.h; name = hash_set.h; path = STL/hash_set.h; sourceTree = "<group>"; };
		F1FB87E71E4C4C1300711B4C /* hashtable.h */ = {isa = PBXFileReference; fileEncoding = 4; lastKnownFileType = sourcecode.c.h; name = hashtable.h; path = STL/hashtable.h; sourceTree = "<group>"; };
		F1FB87E81E4C4C1300711B4C /* heap.h */ = {isa = PBXFileReference; fileEncoding = 4; lastKnownFileType = sourcecode.c.h; name = heap.h; path = STL/heap.h; sourceTree = "<group>"; };
		F1FB87E91E4C4C1300711B4C /* iterator */ = {isa = PBXFileReference; fileEncoding = 4; lastKnownFileType = text; name = iterator; path = STL/iterator; sourceTree = "<group>"; };
		F1FB87EA1E4C4C1300711B4C /* iterator.h */ = {isa = PBXFileReference; fileEncoding = 4; lastKnownFileType = sourcecode.c.h; name = iterator.h; path = STL/iterator.h; sourceTree = "<group>"; };
		F1FB87EB1E4C4C1300711B4C /* limits */ = {isa = PBXFileReference; fileEncoding = 4; lastKnownFileType = text; name = limits; path = STL/limits; sourceTree = "<group>"; };
		F1FB87EC1E4C4C1300711B4C /* list */ = {isa = PBXFileReference; fileEncoding = 4; lastKnownFileType = text; name = list; path = STL/list; sourceTree = "<group>"; };
		F1FB87ED1E4C4C1300711B4C /* list.h */ = {isa = PBXFileReference; fileEncoding = 4; lastKnownFileType = sourcecode.c.h; name = list.h; path = STL/list.h; sourceTree = "<group>"; };
		F1FB87EE1E4C4C1300711B4C /* map */ = {isa = PBXFileReference; fileEncoding = 4; lastKnownFileType = text; name = map; path = STL/map; sourceTree = "<group>"; };
		F1FB87EF1E4C4C1300711B4C /* map.h */ = {isa = PBXFileReference; fileEncoding = 4; lastKnownFileType = sourcecode.c.h; name = map.h; path = STL/map.h; sourceTree = "<group>"; };
		F1FB87F01E4C4C1300711B4C /* memory */ = {isa = PBXFileReference; fileEncoding = 4; lastKnownFileType = text; name = memory; path = STL/memory; sourceTree = "<group>"; };
		F1FB87F11E4C4C1300711B4C /* multimap.h */ = {isa = PBXFileReference; fileEncoding = 4; lastKnownFileType = sourcecode.c.h; name = multimap.h; path = STL/multimap.h; sourceTree = "<group>"; };
		F1FB87F21E4C4C1300711B4C /* multiset.h */ = {isa = PBXFileReference; fileEncoding = 4; lastKnownFileType = sourcecode.c.h; name = multiset.h; path = STL/multiset.h; sourceTree = "<group>"; };
		F1FB87F31E4C4C1300711B4C /* numeric */ = {isa = PBXFileReference; fileEncoding = 4; lastKnownFileType = text; name = numeric; path = STL/numeric; sourceTree = "<group>"; };
		F1FB87F41E4C4C1300711B4C /* pair.h */ = {isa = PBXFileReference; fileEncoding = 4; lastKnownFileType = sourcecode.c.h; name = pair.h; path = STL/pair.h; sourceTree = "<group>"; };
		F1FB87F51E4C4C1300711B4C /* pthread_alloc */ = {isa = PBXFileReference; fileEncoding = 4; lastKnownFileType = text; name = pthread_alloc; path = STL/pthread_alloc; sourceTree = "<group>"; };
		F1FB87F61E4C4C1300711B4C /* pthread_alloc.h */ = {isa = PBXFileReference; fileEncoding = 4; lastKnownFileType = sourcecode.c.h; name = pthread_alloc.h; path = STL/pthread_alloc.h; sourceTree = "<group>"; };
		F1FB87F71E4C4C1300711B4C /* queue */ = {isa = PBXFileReference; fileEncoding = 4; lastKnownFileType = text; name = queue; path = STL/queue; sourceTree = "<group>"; };
		F1FB87F81E4C4C1300711B4C /* rope */ = {isa = PBXFileReference; fileEncoding = 4; lastKnownFileType = text; name = rope; path = STL/rope; sourceTree = "<group>"; };
		F1FB87F91E4C4C1300711B4C /* rope.h */ = {isa = PBXFileReference; fileEncoding = 4; lastKnownFileType = sourcecode.c.h; name = rope.h; path = STL/rope.h; sourceTree = "<group>"; };
		F1FB87FA1E4C4C1300711B4C /* ropeimpl.h */ = {isa = PBXFileReference; fileEncoding = 4; lastKnownFileType = sourcecode.c.h; name = ropeimpl.h; path = STL/ropeimpl.h; sourceTree = "<group>"; };
		F1FB87FB1E4C4C1300711B4C /* sequence_concepts.h */ = {isa = PBXFileReference; fileEncoding = 4; lastKnownFileType = sourcecode.c.h; name = sequence_concepts.h; path = STL/sequence_concepts.h; sourceTree = "<group>"; };
		F1FB87FC1E4C4C1300711B4C /* set */ = {isa = PBXFileReference; fileEncoding = 4; lastKnownFileType = text; name = set; path = STL/set; sourceTree = "<group>"; };
		F1FB87FD1E4C4C1300711B4C /* set.h */ = {isa = PBXFileReference; fileEncoding = 4; lastKnownFileType = sourcecode.c.h; name = set.h; path = STL/set.h; sourceTree = "<group>"; };
		F1FB87FE1E4C4C1300711B4C /* slist */ = {isa = PBXFileReference; fileEncoding = 4; lastKnownFileType = text; name = slist; path = STL/slist; sourceTree = "<group>"; };
		F1FB87FF1E4C4C1300711B4C /* slist.h */ = {isa = PBXFileReference; fileEncoding = 4; lastKnownFileType = sourcecode.c.h; name = slist.h; path = STL/slist.h; sourceTree = "<group>"; };
		F1FB88001E4C4C1300711B4C /* stack */ = {isa = PBXFileReference; fileEncoding = 4; lastKnownFileType = text; name = stack; path = STL/stack; sourceTree = "<group>"; };
		F1FB88011E4C4C1300711B4C /* stack.h */ = {isa = PBXFileReference; fileEncoding = 4; lastKnownFileType = sourcecode.c.h; name = stack.h; path = STL/stack.h; sourceTree = "<group>"; };
		F1FB88021E4C4C1300711B4C /* stdexcept */ = {isa = PBXFileReference; fileEncoding = 4; lastKnownFileType = text; name = stdexcept; path = STL/stdexcept; sourceTree = "<group>"; };
		F1FB88031E4C4C1300711B4C /* stl_algo.h */ = {isa = PBXFileReference; fileEncoding = 4; lastKnownFileType = sourcecode.c.h; name = stl_algo.h; path = STL/stl_algo.h; sourceTree = "<group>"; };
		F1FB88041E4C4C1300711B4C /* stl_algobase.h */ = {isa = PBXFileReference; fileEncoding = 4; lastKnownFileType = sourcecode.c.h; name = stl_algobase.h; path = STL/stl_algobase.h; sourceTree = "<group>"; };
		F1FB88051E4C4C1300711B4C /* stl_alloc.h */ = {isa = PBXFileReference; fileEncoding = 4; lastKnownFileType = sourcecode.c.h; name = stl_alloc.h; path = STL/stl_alloc.h; sourceTree = "<group>"; };
		F1FB88061E4C4C1300711B4C /* stl_bvector.h */ = {isa = PBXFileReference; fileEncoding = 4; lastKnownFileType = sourcecode.c.h; name = stl_bvector.h; path = STL/stl_bvector.h; sourceTree = "<group>"; };
		F1FB88071E4C4C1300711B4C /* stl_config.h */ = {isa = PBXFileReference; fileEncoding = 4; lastKnownFileType = sourcecode.c.h; name = stl_config.h; path = STL/stl_config.h; sourceTree = "<group>"; };
		F1FB88081E4C4C1300711B4C /* stl_construct.h */ = {isa = PBXFileReference; fileEncoding = 4; lastKnownFileType = sourcecode.c.h; name = stl_construct.h; path = STL/stl_construct.h; sourceTree = "<group>"; };
		F1FB88091E4C4C1300711B4C /* stl_ctraits_fns.h */ = {isa = PBXFileReference; fileEncoding = 4; lastKnownFileType = sourcecode.c.h; name = stl_ctraits_fns.h; path = STL/stl_ctraits_fns.h; sourceTree = "<group>"; };
		F1FB880A1E4C4C1300711B4C /* stl_deque.h */ = {isa = PBXFileReference; fileEncoding = 4; lastKnownFileType = sourcecode.c.h; name = stl_deque.h; path = STL/stl_deque.h; sourceTree = "<group>"; };
		F1FB880B1E4C4C1300711B4C /* stl_exception.h */ = {isa = PBXFileReference; fileEncoding = 4; lastKnownFileType = sourcecode.c.h; name = stl_exception.h; path = STL/stl_exception.h; sourceTree = "<group>"; };
		F1FB880C1E4C4C1300711B4C /* stl_function.h */ = {isa = PBXFileReference; fileEncoding = 4; lastKnownFileType = sourcecode.c.h; name = stl_function.h; path = STL/stl_function.h; sourceTree = "<group>"; };
		F1FB880D1E4C4C1300711B4C /* stl_hash_fun.h */ = {isa = PBXFileReference; fileEncoding = 4; lastKnownFileType = sourcecode.c.h; name = stl_hash_fun.h; path = STL/stl_hash_fun.h; sourceTree = "<group>"; };
		F1FB880E1E4C4C1300711B4C /* stl_hash_map.h */ = {isa = PBXFileReference; fileEncoding = 4; lastKnownFileType = sourcecode.c.h; name = stl_hash_map.h; path = STL/stl_hash_map.h; sourceTree = "<group>"; };
		F1FB880F1E4C4C1300711B4C /* stl_hash_set.h */ = {isa = PBXFileReference; fileEncoding = 4; lastKnownFileType = sourcecode.c.h; name = stl_hash_set.h; path = STL/stl_hash_set.h; sourceTree = "<group>"; };
		F1FB88101E4C4C1300711B4C /* stl_hashtable.h */ = {isa = PBXFileReference; fileEncoding = 4; lastKnownFileType = sourcecode.c.h; name = stl_hashtable.h; path = STL/stl_hashtable.h; sourceTree = "<group>"; };
		F1FB88111E4C4C1300711B4C /* stl_heap.h */ = {isa = PBXFileReference; fileEncoding = 4; lastKnownFileType = sourcecode.c.h; name = stl_heap.h; path = STL/stl_heap.h; sourceTree = "<group>"; };
		F1FB88121E4C4C1300711B4C /* stl_iterator_base.h */ = {isa = PBXFileReference; fileEncoding = 4; lastKnownFileType = sourcecode.c.h; name = stl_iterator_base.h; path = STL/stl_iterator_base.h; sourceTree = "<group>"; };
		F1FB88131E4C4C1300711B4C /* stl_iterator.h */ = {isa = PBXFileReference; fileEncoding = 4; lastKnownFileType = sourcecode.c.h; name = stl_iterator.h; path = STL/stl_iterator.h; sourceTree = "<group>"; };
		F1FB88141E4C4C1300711B4C /* stl_list.h */ = {isa = PBXFileReference; fileEncoding = 4; lastKnownFileType = sourcecode.c.h; name = stl_list.h; path = STL/stl_list.h; sourceTree = "<group>"; };
		F1FB88151E4C4C1300711B4C /* stl_map.h */ = {isa = PBXFileReference; fileEncoding = 4; lastKnownFileType = sourcecode.c.h; name = stl_map.h; path = STL/stl_map.h; sourceTree = "<group>"; };
		F1FB88161E4C4C1300711B4C /* stl_multimap.h */ = {isa = PBXFileReference; fileEncoding = 4; lastKnownFileType = sourcecode.c.h; name = stl_multimap.h; path = STL/stl_multimap.h; sourceTree = "<group>"; };
		F1FB88171E4C4C1300711B4C /* stl_multiset.h */ = {isa = PBXFileReference; fileEncoding = 4; lastKnownFileType = sourcecode.c.h; name = stl_multiset.h; path = STL/stl_multiset.h; sourceTree = "<group>"; };
		F1FB88181E4C4C1300711B4C /* stl_numeric.h */ = {isa = PBXFileReference; fileEncoding = 4; lastKnownFileType = sourcecode.c.h; name = stl_numeric.h; path = STL/stl_numeric.h; sourceTree = "<group>"; };
		F1FB88191E4C4C1300711B4C /* stl_pair.h */ = {isa = PBXFileReference; fileEncoding = 4; lastKnownFileType = sourcecode.c.h; name = stl_pair.h; path = STL/stl_pair.h; sourceTree = "<group>"; };
		F1FB881A1E4C4C1300711B4C /* stl_queue.h */ = {isa = PBXFileReference; fileEncoding = 4; lastKnownFileType = sourcecode.c.h; name = stl_queue.h; path = STL/stl_queue.h; sourceTree = "<group>"; };
		F1FB881B1E4C4C1300711B4C /* stl_range_errors.h */ = {isa = PBXFileReference; fileEncoding = 4; lastKnownFileType = sourcecode.c.h; name = stl_range_errors.h; path = STL/stl_range_errors.h; sourceTree = "<group>"; };
		F1FB881C1E4C4C1300711B4C /* stl_raw_storage_iter.h */ = {isa = PBXFileReference; fileEncoding = 4; lastKnownFileType = sourcecode.c.h; name = stl_raw_storage_iter.h; path = STL/stl_raw_storage_iter.h; sourceTree = "<group>"; };
		F1FB881D1E4C4C1300711B4C /* stl_relops.h */ = {isa = PBXFileReference; fileEncoding = 4; lastKnownFileType = sourcecode.c.h; name = stl_relops.h; path = STL/stl_relops.h; sourceTree = "<group>"; };
		F1FB881E1E4C4C1300711B4C /* stl_rope.h */ = {isa = PBXFileReference; fileEncoding = 4; lastKnownFileType = sourcecode.c.h; name = stl_rope.h; path = STL/stl_rope.h; sourceTree = "<group>"; };
		F1FB881F1E4C4C1300711B4C /* stl_set.h */ = {isa = PBXFileReference; fileEncoding = 4; lastKnownFileType = sourcecode.c.h; name = stl_set.h; path = STL/stl_set.h; sourceTree = "<group>"; };
		F1FB88201E4C4C1300711B4C /* stl_slist.h */ = {isa = PBXFileReference; fileEncoding = 4; lastKnownFileType = sourcecode.c.h; name = stl_slist.h; path = STL/stl_slist.h; sourceTree = "<group>"; };
		F1FB88211E4C4C1300711B4C /* stl_stack.h */ = {isa = PBXFileReference; fileEncoding = 4; lastKnownFileType = sourcecode.c.h; name = stl_stack.h; path = STL/stl_stack.h; sourceTree = "<group>"; };
		F1FB88221E4C4C1300711B4C /* stl_string_fwd.h */ = {isa = PBXFileReference; fileEncoding = 4; lastKnownFileType = sourcecode.c.h; name = stl_string_fwd.h; path = STL/stl_string_fwd.h; sourceTree = "<group>"; };
		F1FB88231E4C4C1300711B4C /* stl_tempbuf.h */ = {isa = PBXFileReference; fileEncoding = 4; lastKnownFileType = sourcecode.c.h; name = stl_tempbuf.h; path = STL/stl_tempbuf.h; sourceTree = "<group>"; };
		F1FB88241E4C4C1300711B4C /* stl_threads.h */ = {isa = PBXFileReference; fileEncoding = 4; lastKnownFileType = sourcecode.c.h; name = stl_threads.h; path = STL/stl_threads.h; sourceTree = "<group>"; };
		F1FB88251E4C4C1300711B4C /* stl_tree.h */ = {isa = PBXFileReference; fileEncoding = 4; lastKnownFileType = sourcecode.c.h; name = stl_tree.h; path = STL/stl_tree.h; sourceTree = "<group>"; };
		F1FB88261E4C4C1300711B4C /* stl_uninitialized.h */ = {isa = PBXFileReference; fileEncoding = 4; lastKnownFileType = sourcecode.c.h; name = stl_uninitialized.h; path = STL/stl_uninitialized.h; sourceTree = "<group>"; };
		F1FB88271E4C4C1300711B4C /* stl_vector.h */ = {isa = PBXFileReference; fileEncoding = 4; lastKnownFileType = sourcecode.c.h; name = stl_vector.h; path = STL/stl_vector.h; sourceTree = "<group>"; };
		F1FB88281E4C4C1300711B4C /* string */ = {isa = PBXFileReference; fileEncoding = 4; lastKnownFileType = text; name = string; path = STL/string; sourceTree = "<group>"; };
		F1FB88291E4C4C1300711B4C /* tempbuf.h */ = {isa = PBXFileReference; fileEncoding = 4; lastKnownFileType = sourcecode.c.h; name = tempbuf.h; path = STL/tempbuf.h; sourceTree = "<group>"; };
		F1FB882A1E4C4C1300711B4C /* tree.h */ = {isa = PBXFileReference; fileEncoding = 4; lastKnownFileType = sourcecode.c.h; name = tree.h; path = STL/tree.h; sourceTree = "<group>"; };
		F1FB882B1E4C4C1300711B4C /* type_traits.h */ = {isa = PBXFileReference; fileEncoding = 4; lastKnownFileType = sourcecode.c.h; name = type_traits.h; path = STL/type_traits.h; sourceTree = "<group>"; };
		F1FB882C1E4C4C1300711B4C /* utility */ = {isa = PBXFileReference; fileEncoding = 4; lastKnownFileType = text; name = utility; path = STL/utility; sourceTree = "<group>"; };
		F1FB882D1E4C4C1300711B4C /* valarray */ = {isa = PBXFileReference; fileEncoding = 4; lastKnownFileType = text; name = valarray; path = STL/valarray; sourceTree = "<group>"; };
		F1FB882E1E4C4C1300711B4C /* vector */ = {isa = PBXFileReference; fileEncoding = 4; lastKnownFileType = text; name = vector; path = STL/vector; sourceTree = "<group>"; };
		F1FB882F1E4C4C1300711B4C /* vector.h */ = {isa = PBXFileReference; fileEncoding = 4; lastKnownFileType = sourcecode.c.h; name = vector.h; path = STL/vector.h; sourceTree = "<group>"; };
/* End PBXFileReference section */

/* Begin PBXFrameworksBuildPhase section */
		F1FB87C71E4C4BD000711B4C /* Frameworks */ = {
			isa = PBXFrameworksBuildPhase;
			buildActionMask = 2147483647;
			files = (
			);
			runOnlyForDeploymentPostprocessing = 0;
		};
/* End PBXFrameworksBuildPhase section */

/* Begin PBXGroup section */
		F1FB87C11E4C4BD000711B4C = {
			isa = PBXGroup;
			children = (
				F1FB87D41E4C4C0B00711B4C /* STL */,
				F1FB87CC1E4C4BD000711B4C /* Test_STL */,
				F1FB87CB1E4C4BD000711B4C /* Products */,
			);
			sourceTree = "<group>";
		};
		F1FB87CB1E4C4BD000711B4C /* Products */ = {
			isa = PBXGroup;
			children = (
				F1FB87CA1E4C4BD000711B4C /* Test_STL */,
			);
			name = Products;
			sourceTree = "<group>";
		};
		F1FB87CC1E4C4BD000711B4C /* Test_STL */ = {
			isa = PBXGroup;
			children = (
				F1FB87CD1E4C4BD000711B4C /* main.cpp */,
			);
			path = Test_STL;
			sourceTree = "<group>";
		};
		F1FB87D41E4C4C0B00711B4C /* STL */ = {
			isa = PBXGroup;
			children = (
				F1FB87D51E4C4C1300711B4C /* algo.h */,
				F1FB87D61E4C4C1300711B4C /* algobase.h */,
				F1FB87D71E4C4C1300711B4C /* algorithm */,
				F1FB87D81E4C4C1300711B4C /* alloc.h */,
				F1FB87D91E4C4C1300711B4C /* bitset */,
				F1FB87DA1E4C4C1300711B4C /* bvector.h */,
				F1FB87DB1E4C4C1300711B4C /* char_traits.h */,
				F1FB87DC1E4C4C1300711B4C /* concept_checks.h */,
				F1FB87DD1E4C4C1300711B4C /* container_concepts.h */,
				F1FB87DE1E4C4C1300711B4C /* defalloc.h */,
				F1FB87DF1E4C4C1300711B4C /* deque */,
				F1FB87E01E4C4C1300711B4C /* deque.h */,
				F1FB87E11E4C4C1300711B4C /* function.h */,
				F1FB87E21E4C4C1300711B4C /* functional */,
				F1FB87E31E4C4C1300711B4C /* hash_map */,
				F1FB87E41E4C4C1300711B4C /* hash_map.h */,
				F1FB87E51E4C4C1300711B4C /* hash_set */,
				F1FB87E61E4C4C1300711B4C /* hash_set.h */,
				F1FB87E71E4C4C1300711B4C /* hashtable.h */,
				F1FB87E81E4C4C1300711B4C /* heap.h */,
				F1FB87E91E4C4C1300711B4C /* iterator */,
				F1FB87EA1E4C4C1300711B4C /* iterator.h */,
				F1FB87EB1E4C4C1300711B4C /* limits */,
				F1FB87EC1E4C4C1300711B4C /* list */,
				F1FB87ED1E4C4C1300711B4C /* list.h */,
				F1FB87EE1E4C4C1300711B4C /* map */,
				F1FB87EF1E4C4C1300711B4C /* map.h */,
				F1FB87F01E4C4C1300711B4C /* memory */,
				F1FB87F11E4C4C1300711B4C /* multimap.h */,
				F1FB87F21E4C4C1300711B4C /* multiset.h */,
				F1FB87F31E4C4C1300711B4C /* numeric */,
				F1FB87F41E4C4C1300711B4C /* pair.h */,
				F1FB87F51E4C4C1300711B4C /* pthread_alloc */,
				F1FB87F61E4C4C1300711B4C /* pthread_alloc.h */,
				F1FB87F71E4C4C1300711B4C /* queue */,
				F1FB87F81E4C4C1300711B4C /* rope */,
				F1FB87F91E4C4C1300711B4C /* rope.h */,
				F1FB87FA1E4C4C1300711B4C /* ropeimpl.h */,
				F1FB87FB1E4C4C1300711B4C /* sequence_concepts.h */,
				F1FB87FC1E4C4C1300711B4C /* set */,
				F1FB87FD1E4C4C1300711B4C /* set.h */,
				F1FB87FE1E4C4C1300711B4C /* slist */,
				F1FB87FF1E4C4C1300711B4C /* slist.h */,
				F1FB88001E4C4C1300711B4C /* stack */,
				F1FB88011E4C4C1300711B4C /* stack.h */,
				F1FB88021E4C4C1300711B4C /* stdexcept */,
				F1FB88031E4C4C1300711B4C /* stl_algo.h */,
				F1FB88041E4C4C1300711B4C /* stl_algobase.h */,
				F1FB88051E4C4C1300711B4C /* stl_alloc.h */,
				F1FB88061E4C4C1300711B4C /* stl_bvector.h */,
				F1FB88071E4C4C1300711B4C /* stl_config.h */,
				F1FB88081E4C4C1300711B4C /* stl_construct.h */,
				F1FB88091E4C4C1300711B4C /* stl_ctraits_fns.h */,
				F1FB880A1E4C4C1300711B4C /* stl_deque.h */,
				F1FB880B1E4C4C1300711B4C /* stl_exception.h */,
				F1FB880C1E4C4C1300711B4C /* stl_function.h */,
				F1FB880D1E4C4C1300711B4C /* stl_hash_fun.h */,
				F1FB880E1E4C4C1300711B4C /* stl_hash_map.h */,
				F1FB880F1E4C4C1300711B4C /* stl_hash_set.h */,
				F1FB88101E4C4C1300711B4C /* stl_hashtable.h */,
				F1FB88111E4C4C1300711B4C /* stl_heap.h */,
				F1FB88121E4C4C1300711B4C /* stl_iterator_base.h */,
				F1FB88131E4C4C1300711B4C /* stl_iterator.h */,
				F1FB88141E4C4C1300711B4C /* stl_list.h */,
				F1FB88151E4C4C1300711B4C /* stl_map.h */,
				F1FB88161E4C4C1300711B4C /* stl_multimap.h */,
				F1FB88171E4C4C1300711B4C /* stl_multiset.h */,
				F1FB88181E4C4C1300711B4C /* stl_numeric.h */,
				F1FB88191E4C4C1300711B4C /* stl_pair.h */,
				F1FB881A1E4C4C1300711B4C /* stl_queue.h */,
				F1FB881B1E4C4C1300711B4C /* stl_range_errors.h */,
				F1FB881C1E4C4C1300711B4C /* stl_raw_storage_iter.h */,
				F1FB881D1E4C4C1300711B4C /* stl_relops.h */,
				F1FB881E1E4C4C1300711B4C /* stl_rope.h */,
				F1FB881F1E4C4C1300711B4C /* stl_set.h */,
				F1FB88201E4C4C1300711B4C /* stl_slist.h */,
				F1FB88211E4C4C1300711B4C /* stl_stack.h */,
				F1FB88221E4C4C1300711B4C /* stl_string_fwd.h */,
				F1FB88231E4C4C1300711B4C /* stl_tempbuf.h */,
				F1FB88241E4C4C1300711B4C /* stl_threads.h */,
				F1FB88251E4C4C1300711B4C /* stl_tree.h */,
				F1FB88261E4C4C1300711B4C /* stl_uninitialized.h */,
				F1FB88271E4C4C1300711B4C /* stl_vector.h */,
				F1FB88281E4C4C1300711B4C /* string */,
				F1FB88291E4C4C1300711B4C /* tempbuf.h */,
				F1FB882A1E4C4C1300711B4C /* tree.h */,
				F1FB882B1E4C4C1300711B4C /* type_traits.h */,
				F1FB882C1E4C4C1300711B4C /* utility */,
				F1FB882D1E4C4C1300711B4C /* valarray */,
				F1FB882E1E4C4C1300711B4C /* vector */,
				F1FB882F1E4C4C1300711B4C /* vector.h */,
			);
			name = STL;
			sourceTree = "<group>";
		};
/* End PBXGroup section */

/* Begin PBXNativeTarget section */
		F1FB87C91E4C4BD000711B4C /* Test_STL */ = {
			isa = PBXNativeTarget;
			buildConfigurationList = F1FB87D11E4C4BD000711B4C /* Build configuration list for PBXNativeTarget "Test_STL" */;
			buildPhases = (
				F1FB87C61E4C4BD000711B4C /* Sources */,
				F1FB87C71E4C4BD000711B4C /* Frameworks */,
				F1FB87C81E4C4BD000711B4C /* CopyFiles */,
			);
			buildRules = (
			);
			dependencies = (
			);
			name = Test_STL;
			productName = Test_STL;
			productReference = F1FB87CA1E4C4BD000711B4C /* Test_STL */;
			productType = "com.apple.product-type.tool";
		};
/* End PBXNativeTarget section */

/* Begin PBXProject section */
		F1FB87C21E4C4BD000711B4C /* Project object */ = {
			isa = PBXProject;
			attributes = {
				LastUpgradeCheck = 0700;
				ORGANIZATIONNAME = xuyi;
				TargetAttributes = {
					F1FB87C91E4C4BD000711B4C = {
						CreatedOnToolsVersion = 7.0;
					};
				};
			};
			buildConfigurationList = F1FB87C51E4C4BD000711B4C /* Build configuration list for PBXProject "Test_STL" */;
			compatibilityVersion = "Xcode 3.2";
			developmentRegion = English;
			hasScannedForEncodings = 0;
			knownRegions = (
				en,
			);
			mainGroup = F1FB87C11E4C4BD000711B4C;
			productRefGroup = F1FB87CB1E4C4BD000711B4C /* Products */;
			projectDirPath = "";
			projectRoot = "";
			targets = (
				F1FB87C91E4C4BD000711B4C /* Test_STL */,
			);
		};
/* End PBXProject section */

/* Begin PBXSourcesBuildPhase section */
		F1FB87C61E4C4BD000711B4C /* Sources */ = {
			isa = PBXSourcesBuildPhase;
			buildActionMask = 2147483647;
			files = (
				F1FB87CE1E4C4BD000711B4C /* main.cpp in Sources */,
			);
			runOnlyForDeploymentPostprocessing = 0;
		};
/* End PBXSourcesBuildPhase section */

/* Begin XCBuildConfiguration section */
		F1FB87CF1E4C4BD000711B4C /* Debug */ = {
			isa = XCBuildConfiguration;
			buildSettings = {
				ALWAYS_SEARCH_USER_PATHS = NO;
				CLANG_CXX_LANGUAGE_STANDARD = "gnu++0x";
				CLANG_CXX_LIBRARY = "libc++";
				CLANG_ENABLE_MODULES = YES;
				CLANG_ENABLE_OBJC_ARC = YES;
				CLANG_WARN_BOOL_CONVERSION = YES;
				CLANG_WARN_CONSTANT_CONVERSION = YES;
				CLANG_WARN_DIRECT_OBJC_ISA_USAGE = YES_ERROR;
				CLANG_WARN_EMPTY_BODY = YES;
				CLANG_WARN_ENUM_CONVERSION = YES;
				CLANG_WARN_INT_CONVERSION = YES;
				CLANG_WARN_OBJC_ROOT_CLASS = YES_ERROR;
				CLANG_WARN_UNREACHABLE_CODE = YES;
				CLANG_WARN__DUPLICATE_METHOD_MATCH = YES;
				COPY_PHASE_STRIP = NO;
				DEBUG_INFORMATION_FORMAT = dwarf;
				ENABLE_STRICT_OBJC_MSGSEND = YES;
				ENABLE_TESTABILITY = YES;
				GCC_C_LANGUAGE_STANDARD = gnu99;
				GCC_DYNAMIC_NO_PIC = NO;
				GCC_NO_COMMON_BLOCKS = YES;
				GCC_OPTIMIZATION_LEVEL = 0;
				GCC_PREPROCESSOR_DEFINITIONS = (
					"DEBUG=1",
					"$(inherited)",
				);
				GCC_WARN_64_TO_32_BIT_CONVERSION = YES;
				GCC_WARN_ABOUT_RETURN_TYPE = YES_ERROR;
				GCC_WARN_UNDECLARED_SELECTOR = YES;
				GCC_WARN_UNINITIALIZED_AUTOS = YES_AGGRESSIVE;
				GCC_WARN_UNUSED_FUNCTION = YES;
				GCC_WARN_UNUSED_VARIABLE = YES;
				MACOSX_DEPLOYMENT_TARGET = 10.12;
				MTL_ENABLE_DEBUG_INFO = YES;
				ONLY_ACTIVE_ARCH = YES;
				SDKROOT = macosx;
			};
			name = Debug;
		};
		F1FB87D01E4C4BD000711B4C /* Release */ = {
			isa = XCBuildConfiguration;
			buildSettings = {
				ALWAYS_SEARCH_USER_PATHS = NO;
				CLANG_CXX_LANGUAGE_STANDARD = "gnu++0x";
				CLANG_CXX_LIBRARY = "libc++";
				CLANG_ENABLE_MODULES = YES;
				CLANG_ENABLE_OBJC_ARC = YES;
				CLANG_WARN_BOOL_CONVERSION = YES;
				CLANG_WARN_CONSTANT_CONVERSION = YES;
				CLANG_WARN_DIRECT_OBJC_ISA_USAGE = YES_ERROR;
				CLANG_WARN_EMPTY_BODY = YES;
				CLANG_WARN_ENUM_CONVERSION = YES;
				CLANG_WARN_INT_CONVERSION = YES;
				CLANG_WARN_OBJC_ROOT_CLASS = YES_ERROR;
				CLANG_WARN_UNREACHABLE_CODE = YES;
				CLANG_WARN__DUPLICATE_METHOD_MATCH = YES;
				COPY_PHASE_STRIP = NO;
				DEBUG_INFORMATION_FORMAT = "dwarf-with-dsym";
				ENABLE_NS_ASSERTIONS = NO;
				ENABLE_STRICT_OBJC_MSGSEND = YES;
				GCC_C_LANGUAGE_STANDARD = gnu99;
				GCC_NO_COMMON_BLOCKS = YES;
				GCC_WARN_64_TO_32_BIT_CONVERSION = YES;
				GCC_WARN_ABOUT_RETURN_TYPE = YES_ERROR;
				GCC_WARN_UNDECLARED_SELECTOR = YES;
				GCC_WARN_UNINITIALIZED_AUTOS = YES_AGGRESSIVE;
				GCC_WARN_UNUSED_FUNCTION = YES;
				GCC_WARN_UNUSED_VARIABLE = YES;
				MACOSX_DEPLOYMENT_TARGET = 10.12;
				MTL_ENABLE_DEBUG_INFO = NO;
				SDKROOT = macosx;
			};
			name = Release;
		};
		F1FB87D21E4C4BD000711B4C /* Debug */ = {
			isa = XCBuildConfiguration;
			buildSettings = {
				PRODUCT_NAME = "$(TARGET_NAME)";
			};
			name = Debug;
		};
		F1FB87D31E4C4BD000711B4C /* Release */ = {
			isa = XCBuildConfiguration;
			buildSettings = {
				PRODUCT_NAME = "$(TARGET_NAME)";
			};
			name = Release;
		};
/* End XCBuildConfiguration section */

/* Begin XCConfigurationList section */
		F1FB87C51E4C4BD000711B4C /* Build configuration list for PBXProject "Test_STL" */ = {
			isa = XCConfigurationList;
			buildConfigurations = (
				F1FB87CF1E4C4BD000711B4C /* Debug */,
				F1FB87D01E4C4BD000711B4C /* Release */,
			);
			defaultConfigurationIsVisible = 0;
			defaultConfigurationName = Release;
		};
		F1FB87D11E4C4BD000711B4C /* Build configuration list for PBXNativeTarget "Test_STL" */ = {
			isa = XCConfigurationList;
			buildConfigurations = (
				F1FB87D21E4C4BD000711B4C /* Debug */,
				F1FB87D31E4C4BD000711B4C /* Release */,
			);
			defaultConfigurationIsVisible = 0;
			defaultConfigurationName = Release;
		};
/* End XCConfigurationList section */
	};
	rootObject = F1FB87C21E4C4BD000711B4C /* Project object */;
}
